// !$*UTF8*$!
{
	archiveVersion = 1;
	classes = {
	};
	objectVersion = 50;
	objects = {

/* Begin PBXBuildFile section */
		927B91F422F6F5B900F32247 /* AppDelegate.swift in Sources */ = {isa = PBXBuildFile; fileRef = 927B91F322F6F5B900F32247 /* AppDelegate.swift */; };
		927B91F922F6F5B900F32247 /* Main.storyboard in Resources */ = {isa = PBXBuildFile; fileRef = 927B91F722F6F5B900F32247 /* Main.storyboard */; };
		927B91FB22F6F5B900F32247 /* Assets.xcassets in Resources */ = {isa = PBXBuildFile; fileRef = 927B91FA22F6F5B900F32247 /* Assets.xcassets */; };
		927B91FE22F6F5B900F32247 /* LaunchScreen.storyboard in Resources */ = {isa = PBXBuildFile; fileRef = 927B91FC22F6F5B900F32247 /* LaunchScreen.storyboard */; };
		927B920622F6F5EF00F32247 /* TableViewController.swift in Sources */ = {isa = PBXBuildFile; fileRef = 927B920522F6F5EF00F32247 /* TableViewController.swift */; };
		927B920822F6F82200F32247 /* UIColorExtension.swift in Sources */ = {isa = PBXBuildFile; fileRef = 927B920722F6F82200F32247 /* UIColorExtension.swift */; };
/* End PBXBuildFile section */

/* Begin PBXFileReference section */
		927B91F022F6F5B900F32247 /* TableColor.app */ = {isa = PBXFileReference; explicitFileType = wrapper.application; includeInIndex = 0; path = TableColor.app; sourceTree = BUILT_PRODUCTS_DIR; };
		927B91F322F6F5B900F32247 /* AppDelegate.swift */ = {isa = PBXFileReference; lastKnownFileType = sourcecode.swift; path = AppDelegate.swift; sourceTree = "<group>"; };
		927B91F822F6F5B900F32247 /* Base */ = {isa = PBXFileReference; lastKnownFileType = file.storyboard; name = Base; path = Base.lproj/Main.storyboard; sourceTree = "<group>"; };
		927B91FA22F6F5B900F32247 /* Assets.xcassets */ = {isa = PBXFileReference; lastKnownFileType = folder.assetcatalog; path = Assets.xcassets; sourceTree = "<group>"; };
		927B91FD22F6F5B900F32247 /* Base */ = {isa = PBXFileReference; lastKnownFileType = file.storyboard; name = Base; path = Base.lproj/LaunchScreen.storyboard; sourceTree = "<group>"; };
		927B91FF22F6F5B900F32247 /* Info.plist */ = {isa = PBXFileReference; lastKnownFileType = text.plist.xml; path = Info.plist; sourceTree = "<group>"; };
		927B920522F6F5EF00F32247 /* TableViewController.swift */ = {isa = PBXFileReference; lastKnownFileType = sourcecode.swift; path = TableViewController.swift; sourceTree = "<group>"; };
		927B920722F6F82200F32247 /* UIColorExtension.swift */ = {isa = PBXFileReference; lastKnownFileType = sourcecode.swift; path = UIColorExtension.swift; sourceTree = "<group>"; };
/* End PBXFileReference section */

/* Begin PBXFrameworksBuildPhase section */
		927B91ED22F6F5B900F32247 /* Frameworks */ = {
			isa = PBXFrameworksBuildPhase;
			buildActionMask = 2147483647;
			files = (
			);
			runOnlyForDeploymentPostprocessing = 0;
		};
/* End PBXFrameworksBuildPhase section */

/* Begin PBXGroup section */
		927B91E722F6F5B900F32247 = {
			isa = PBXGroup;
			children = (
				927B91F222F6F5B900F32247 /* TableColor */,
				927B91F122F6F5B900F32247 /* Products */,
			);
			sourceTree = "<group>";
		};
		927B91F122F6F5B900F32247 /* Products */ = {
			isa = PBXGroup;
			children = (
				927B91F022F6F5B900F32247 /* TableColor.app */,
			);
			name = Products;
			sourceTree = "<group>";
		};
		927B91F222F6F5B900F32247 /* TableColor */ = {
			isa = PBXGroup;
			children = (
				927B91F322F6F5B900F32247 /* AppDelegate.swift */,
				927B920522F6F5EF00F32247 /* TableViewController.swift */,
				927B920722F6F82200F32247 /* UIColorExtension.swift */,
				927B91F722F6F5B900F32247 /* Main.storyboard */,
				927B91FA22F6F5B900F32247 /* Assets.xcassets */,
				927B91FC22F6F5B900F32247 /* LaunchScreen.storyboard */,
				927B91FF22F6F5B900F32247 /* Info.plist */,
			);
			path = TableColor;
			sourceTree = "<group>";
		};
/* End PBXGroup section */

/* Begin PBXNativeTarget section */
		927B91EF22F6F5B900F32247 /* TableColor */ = {
			isa = PBXNativeTarget;
			buildConfigurationList = 927B920222F6F5B900F32247 /* Build configuration list for PBXNativeTarget "TableColor" */;
			buildPhases = (
				927B91EC22F6F5B900F32247 /* Sources */,
				927B91ED22F6F5B900F32247 /* Frameworks */,
				927B91EE22F6F5B900F32247 /* Resources */,
			);
			buildRules = (
			);
			dependencies = (
			);
			name = TableColor;
			productName = TableColor;
			productReference = 927B91F022F6F5B900F32247 /* TableColor.app */;
			productType = "com.apple.product-type.application";
		};
/* End PBXNativeTarget section */

/* Begin PBXProject section */
		927B91E822F6F5B900F32247 /* Project object */ = {
			isa = PBXProject;
			attributes = {
				LastSwiftUpdateCheck = 1010;
				LastUpgradeCheck = 1010;
				ORGANIZATIONNAME = "Денис Лапшин";
				TargetAttributes = {
					927B91EF22F6F5B900F32247 = {
						CreatedOnToolsVersion = 10.1;
					};
				};
			};
			buildConfigurationList = 927B91EB22F6F5B900F32247 /* Build configuration list for PBXProject "TableColor" */;
			compatibilityVersion = "Xcode 9.3";
			developmentRegion = en;
			hasScannedForEncodings = 0;
			knownRegions = (
				en,
				Base,
			);
			mainGroup = 927B91E722F6F5B900F32247;
			productRefGroup = 927B91F122F6F5B900F32247 /* Products */;
			projectDirPath = "";
			projectRoot = "";
			targets = (
				927B91EF22F6F5B900F32247 /* TableColor */,
			);
		};
/* End PBXProject section */

/* Begin PBXResourcesBuildPhase section */
		927B91EE22F6F5B900F32247 /* Resources */ = {
			isa = PBXResourcesBuildPhase;
			buildActionMask = 2147483647;
			files = (
				927B91FE22F6F5B900F32247 /* LaunchScreen.storyboard in Resources */,
				927B91FB22F6F5B900F32247 /* Assets.xcassets in Resources */,
				927B91F922F6F5B900F32247 /* Main.storyboard in Resources */,
			);
			runOnlyForDeploymentPostprocessing = 0;
		};
/* End PBXResourcesBuildPhase section */

/* Begin PBXSourcesBuildPhase section */
		927B91EC22F6F5B900F32247 /* Sources */ = {
			isa = PBXSourcesBuildPhase;
			buildActionMask = 2147483647;
			files = (
				927B91F422F6F5B900F32247 /* AppDelegate.swift in Sources */,
				927B920622F6F5EF00F32247 /* TableViewController.swift in Sources */,
				927B920822F6F82200F32247 /* UIColorExtension.swift in Sources */,
			);
			runOnlyForDeploymentPostprocessing = 0;
		};
/* End PBXSourcesBuildPhase section */

/* Begin PBXVariantGroup section */
		927B91F722F6F5B900F32247 /* Main.storyboard */ = {
			isa = PBXVariantGroup;
			children = (
				927B91F822F6F5B900F32247 /* Base */,
			);
			name = Main.storyboard;
			sourceTree = "<group>";
		};
		927B91FC22F6F5B900F32247 /* LaunchScreen.storyboard */ = {
			isa = PBXVariantGroup;
			children = (
				927B91FD22F6F5B900F32247 /* Base */,
			);
			name = LaunchScreen.storyboard;
			sourceTree = "<group>";
		};
/* End PBXVariantGroup section */

/* Begin XCBuildConfiguration section */
		927B920022F6F5B900F32247 /* Debug */ = {
			isa = XCBuildConfiguration;
			buildSettings = {
				ALWAYS_SEARCH_USER_PATHS = NO;
				CLANG_ANALYZER_NONNULL = YES;
				CLANG_ANALYZER_NUMBER_OBJECT_CONVERSION = YES_AGGRESSIVE;
				CLANG_CXX_LANGUAGE_STANDARD = "gnu++14";
				CLANG_CXX_LIBRARY = "libc++";
				CLANG_ENABLE_MODULES = YES;
				CLANG_ENABLE_OBJC_ARC = YES;
				CLANG_ENABLE_OBJC_WEAK = YES;
				CLANG_WARN_BLOCK_CAPTURE_AUTORELEASING = YES;
				CLANG_WARN_BOOL_CONVERSION = YES;
				CLANG_WARN_COMMA = YES;
				CLANG_WARN_CONSTANT_CONVERSION = YES;
				CLANG_WARN_DEPRECATED_OBJC_IMPLEMENTATIONS = YES;
				CLANG_WARN_DIRECT_OBJC_ISA_USAGE = YES_ERROR;
				CLANG_WARN_DOCUMENTATION_COMMENTS = YES;
				CLANG_WARN_EMPTY_BODY = YES;
				CLANG_WARN_ENUM_CONVERSION = YES;
				CLANG_WARN_INFINITE_RECURSION = YES;
				CLANG_WARN_INT_CONVERSION = YES;
				CLANG_WARN_NON_LITERAL_NULL_CONVERSION = YES;
				CLANG_WARN_OBJC_IMPLICIT_RETAIN_SELF = YES;
				CLANG_WARN_OBJC_LITERAL_CONVERSION = YES;
				CLANG_WARN_OBJC_ROOT_CLASS = YES_ERROR;
				CLANG_WARN_RANGE_LOOP_ANALYSIS = YES;
				CLANG_WARN_STRICT_PROTOTYPES = YES;
				CLANG_WARN_SUSPICIOUS_MOVE = YES;
				CLANG_WARN_UNGUARDED_AVAILABILITY = YES_AGGRESSIVE;
				CLANG_WARN_UNREACHABLE_CODE = YES;
				CLANG_WARN__DUPLICATE_METHOD_MATCH = YES;
				CODE_SIGN_IDENTITY = "iPhone Developer";
				COPY_PHASE_STRIP = NO;
				DEBUG_INFORMATION_FORMAT = dwarf;
				ENABLE_STRICT_OBJC_MSGSEND = YES;
				ENABLE_TESTABILITY = YES;
				GCC_C_LANGUAGE_STANDARD = gnu11;
				GCC_DYNAMIC_NO_PIC = NO;
				GCC_NO_COMMON_BLOCKS = YES;
				GCC_OPTIMIZATION_LEVEL = 0;
				GCC_PREPROCESSOR_DEFINITIONS = (
					"DEBUG=1",
					"$(inherited)",
				);
				GCC_WARN_64_TO_32_BIT_CONVERSION = YES;
				GCC_WARN_ABOUT_RETURN_TYPE = YES_ERROR;
				GCC_WARN_UNDECLARED_SELECTOR = YES;
				GCC_WARN_UNINITIALIZED_AUTOS = YES_AGGRESSIVE;
				GCC_WARN_UNUSED_FUNCTION = YES;
				GCC_WARN_UNUSED_VARIABLE = YES;
				IPHONEOS_DEPLOYMENT_TARGET = 12.1;
				MTL_ENABLE_DEBUG_INFO = INCLUDE_SOURCE;
				MTL_FAST_MATH = YES;
				ONLY_ACTIVE_ARCH = YES;
				SDKROOT = iphoneos;
				SWIFT_ACTIVE_COMPILATION_CONDITIONS = DEBUG;
				SWIFT_OPTIMIZATION_LEVEL = "-Onone";
			};
			name = Debug;
		};
		927B920122F6F5B900F32247 /* Release */ = {
			isa = XCBuildConfiguration;
			buildSettings = {
				ALWAYS_SEARCH_USER_PATHS = NO;
				CLANG_ANALYZER_NONNULL = YES;
				CLANG_ANALYZER_NUMBER_OBJECT_CONVERSION = YES_AGGRESSIVE;
				CLANG_CXX_LANGUAGE_STANDARD = "gnu++14";
				CLANG_CXX_LIBRARY = "libc++";
				CLANG_ENABLE_MODULES = YES;
				CLANG_ENABLE_OBJC_ARC = YES;
				CLANG_ENABLE_OBJC_WEAK = YES;
				CLANG_WARN_BLOCK_CAPTURE_AUTORELEASING = YES;
				CLANG_WARN_BOOL_CONVERSION = YES;
				CLANG_WARN_COMMA = YES;
				CLANG_WARN_CONSTANT_CONVERSION = YES;
				CLANG_WARN_DEPRECATED_OBJC_IMPLEMENTATIONS = YES;
				CLANG_WARN_DIRECT_OBJC_ISA_USAGE = YES_ERROR;
				CLANG_WARN_DOCUMENTATION_COMMENTS = YES;
				CLANG_WARN_EMPTY_BODY = YES;
				CLANG_WARN_ENUM_CONVERSION = YES;
				CLANG_WARN_INFINITE_RECURSION = YES;
				CLANG_WARN_INT_CONVERSION = YES;
				CLANG_WARN_NON_LITERAL_NULL_CONVERSION = YES;
				CLANG_WARN_OBJC_IMPLICIT_RETAIN_SELF = YES;
				CLANG_WARN_OBJC_LITERAL_CONVERSION = YES;
				CLANG_WARN_OBJC_ROOT_CLASS = YES_ERROR;
				CLANG_WARN_RANGE_LOOP_ANALYSIS = YES;
				CLANG_WARN_STRICT_PROTOTYPES = YES;
				CLANG_WARN_SUSPICIOUS_MOVE = YES;
				CLANG_WARN_UNGUARDED_AVAILABILITY = YES_AGGRESSIVE;
				CLANG_WARN_UNREACHABLE_CODE = YES;
				CLANG_WARN__DUPLICATE_METHOD_MATCH = YES;
				CODE_SIGN_IDENTITY = "iPhone Developer";
				COPY_PHASE_STRIP = NO;
				DEBUG_INFORMATION_FORMAT = "dwarf-with-dsym";
				ENABLE_NS_ASSERTIONS = NO;
				ENABLE_STRICT_OBJC_MSGSEND = YES;
				GCC_C_LANGUAGE_STANDARD = gnu11;
				GCC_NO_COMMON_BLOCKS = YES;
				GCC_WARN_64_TO_32_BIT_CONVERSION = YES;
				GCC_WARN_ABOUT_RETURN_TYPE = YES_ERROR;
				GCC_WARN_UNDECLARED_SELECTOR = YES;
				GCC_WARN_UNINITIALIZED_AUTOS = YES_AGGRESSIVE;
				GCC_WARN_UNUSED_FUNCTION = YES;
				GCC_WARN_UNUSED_VARIABLE = YES;
				IPHONEOS_DEPLOYMENT_TARGET = 12.1;
				MTL_ENABLE_DEBUG_INFO = NO;
				MTL_FAST_MATH = YES;
				SDKROOT = iphoneos;
				SWIFT_COMPILATION_MODE = wholemodule;
				SWIFT_OPTIMIZATION_LEVEL = "-O";
				VALIDATE_PRODUCT = YES;
			};
			name = Release;
		};
		927B920322F6F5B900F32247 /* Debug */ = {
			isa = XCBuildConfiguration;
			buildSettings = {
				ASSETCATALOG_COMPILER_APPICON_NAME = AppIcon;
				CODE_SIGN_STYLE = Automatic;
				DEVELOPMENT_TEAM = 59VSP8V4T8;
				INFOPLIST_FILE = TableColor/Info.plist;
				LD_RUNPATH_SEARCH_PATHS = (
					"$(inherited)",
					"@executable_path/Frameworks",
				);
				PRODUCT_BUNDLE_IDENTIFIER = com.denis.TableColor;
				PRODUCT_NAME = "$(TARGET_NAME)";
				SWIFT_VERSION = 4.2;
				TARGETED_DEVICE_FAMILY = "1,2";
			};
			name = Debug;
		};
		927B920422F6F5B900F32247 /* Release */ = {
			isa = XCBuildConfiguration;
			buildSettings = {
				ASSETCATALOG_COMPILER_APPICON_NAME = AppIcon;
				CODE_SIGN_STYLE = Automatic;
				DEVELOPMENT_TEAM = 59VSP8V4T8;
				INFOPLIST_FILE = TableColor/Info.plist;
				LD_RUNPATH_SEARCH_PATHS = (
					"$(inherited)",
					"@executable_path/Frameworks",
				);
				PRODUCT_BUNDLE_IDENTIFIER = com.denis.TableColor;
				PRODUCT_NAME = "$(TARGET_NAME)";
				SWIFT_VERSION = 4.2;
				TARGETED_DEVICE_FAMILY = "1,2";
			};
			name = Release;
		};
/* End XCBuildConfiguration section */

/* Begin XCConfigurationList section */
		927B91EB22F6F5B900F32247 /* Build configuration list for PBXProject "TableColor" */ = {
			isa = XCConfigurationList;
			buildConfigurations = (
				927B920022F6F5B900F32247 /* Debug */,
				927B920122F6F5B900F32247 /* Release */,
			);
			defaultConfigurationIsVisible = 0;
			defaultConfigurationName = Release;
		};
		927B920222F6F5B900F32247 /* Build configuration list for PBXNativeTarget "TableColor" */ = {
			isa = XCConfigurationList;
			buildConfigurations = (
				927B920322F6F5B900F32247 /* Debug */,
				927B920422F6F5B900F32247 /* Release */,
			);
			defaultConfigurationIsVisible = 0;
			defaultConfigurationName = Release;
		};
/* End XCConfigurationList section */
	};
	rootObject = 927B91E822F6F5B900F32247 /* Project object */;
}
